<?xml version="1.0" encoding="UTF-8" standalone="yes" ?>
<CodeBlocks_project_file>
	<FileVersion major="1" minor="6" />
	<Project>
		<Option title="pan" />
		<Option makefile_is_custom="1" />
		<Option pch_mode="2" />
		<Option default_target="all_linux" />
		<Option compiler="gcc" />
		<MakeCommands>
			<Build command="$make -j8 -f $makefile $target" />
			<CompileFile command="$make -j8 -f $makefile $file" />
			<Clean command="$make v-f $makefile clean$target" />
			<DistClean command="$make -f $makefile distclean$target" />
			<AskRebuildNeeded command="$make -j8 -q -f $makefile $target" />
			<SilentBuild command="$make -j8 -s -f $makefile $target" />
		</MakeCommands>
		<Build>
			<Target title="all_linux">
				<Option platforms="Unix;" />
				<Option output="pan/gui/pan" prefix_auto="1" extension_auto="1" />
				<Option object_output="obj/Release/" />
				<Option type="0" />
				<Option compiler="gcc" />
				<Compiler>
					<Add option="-O2" />
				</Compiler>
				<Linker>
					<Add option="-s" />
				</Linker>
				<MakeCommands>
					<Build command="$make -j8 -f $makefile " />
					<CompileFile command="$make -j8 -f $makefile $file" />
					<Clean command="$make -j8 f $makefile clean" />
					<DistClean command="$make -f $makefile distclean$target" />
					<AskRebuildNeeded command="$make -j8 -q -f $makefile " />
					<SilentBuild command="$make -j8 -s -f $makefile" />
				</MakeCommands>
			</Target>
			<Target title="all_win32">
				<Option platforms="Windows;" />
				<Option output="pan/gui/pan" prefix_auto="1" extension_auto="1" />
				<Option type="0" />
				<Option compiler="gcc" />
				<Compiler>
					<Add option="-O2" />
				</Compiler>
				<Linker>
					<Add option="-s" />
				</Linker>
				<MakeCommands>
					<Build command="$make -j8 -f $makefile " />
					<CompileFile command="$make -j8 -f $makefile $file" />
					<Clean command="$make -j8 f $makefile clean" />
					<DistClean command="$make -f $makefile distclean$target" />
					<AskRebuildNeeded command="$make -j8 -q -f $makefile " />
					<SilentBuild command="$make -j8 -s -f $makefile" />
				</MakeCommands>
			</Target>
		</Build>
		<VirtualTargets>
			<Add alias="all" targets="all_linux;all_win32;" />
		</VirtualTargets>
		<Compiler>
			<Add option="-Wall" />
		</Compiler>
		<Unit filename="config.h">
			<Option target="all_linux" />
		</Unit>
		<Unit filename="pan/data-impl/add-server.cc">
			<Option target="all_linux" />
		</Unit>
		<Unit filename="pan/data-impl/article-filter.cc">
			<Option target="all_linux" />
		</Unit>
		<Unit filename="pan/data-impl/article-filter.h">
			<Option target="all_linux" />
		</Unit>
		<Unit filename="pan/data-impl/cert-store.h">
			<Option target="all_linux" />
		</Unit>
		<Unit filename="pan/data-impl/data-impl.cc">
			<Option target="all_linux" />
		</Unit>
		<Unit filename="pan/data-impl/data-impl.h">
			<Option target="all_linux" />
		</Unit>
		<Unit filename="pan/data-impl/data-io.cc">
			<Option target="all_linux" />
		</Unit>
		<Unit filename="pan/data-impl/data-io.h">
			<Option target="all_linux" />
		</Unit>
		<Unit filename="pan/data-impl/defgroup.h">
			<Option target="all_linux" />
		</Unit>
		<Unit filename="pan/data-impl/groups.cc">
			<Option target="all_linux" />
		</Unit>
		<Unit filename="pan/data-impl/headers-test.cc">
			<Option target="all_linux" />
		</Unit>
		<Unit filename="pan/data-impl/headers.cc">
			<Option target="all_linux" />
		</Unit>
		<Unit filename="pan/data-impl/memchunk.h">
			<Option target="all_linux" />
		</Unit>
		<Unit filename="pan/data-impl/my-tree.cc">
			<Option target="all_linux" />
		</Unit>
		<Unit filename="pan/data-impl/profiles.cc">
			<Option target="all_linux" />
		</Unit>
		<Unit filename="pan/data-impl/profiles.h">
			<Option target="all_linux" />
		</Unit>
		<Unit filename="pan/data-impl/rules-filter.cc">
			<Option target="all_linux" />
		</Unit>
		<Unit filename="pan/data-impl/rules-filter.h">
			<Option target="all_linux" />
		</Unit>
		<Unit filename="pan/data-impl/server.cc">
			<Option target="all_linux" />
		</Unit>
		<Unit filename="pan/data-impl/speed-test-load-group.cc">
			<Option target="all_linux" />
		</Unit>
		<Unit filename="pan/data-impl/sql-db.cc">
			<Option target="all_linux" />
		</Unit>
		<Unit filename="pan/data-impl/sql-db.h">
			<Option target="all_linux" />
		</Unit>
		<Unit filename="pan/data-impl/task-archive.cc">
			<Option target="all_linux" />
		</Unit>
		<Unit filename="pan/data-impl/xover.cc">
			<Option target="all_linux" />
		</Unit>
		<Unit filename="pan/data/article-cache.cc">
			<Option target="all_linux" />
		</Unit>
		<Unit filename="pan/data/article-cache.h">
			<Option target="all_linux" />
		</Unit>
		<Unit filename="pan/data/article-test.cc">
			<Option target="all_linux" />
		</Unit>
		<Unit filename="pan/data/article.cc">
			<Option target="all_linux" />
		</Unit>
		<Unit filename="pan/data/article.h">
			<Option target="all_linux" />
		</Unit>
		<Unit filename="pan/data/cert-store.cc">
			<Option target="all_linux" />
		</Unit>
		<Unit filename="pan/data/cert-store.h">
			<Option target="all_linux" />
		</Unit>
		<Unit filename="pan/data/data.cc">
			<Option target="all_linux" />
		</Unit>
		<Unit filename="pan/data/data.h">
			<Option target="all_linux" />
		</Unit>
		<Unit filename="pan/data/defgroup.h">
			<Option target="all_linux" />
		</Unit>
		<Unit filename="pan/data/encode-cache.cc">
			<Option target="all_linux" />
		</Unit>
		<Unit filename="pan/data/encode-cache.h">
			<Option target="all_linux" />
		</Unit>
		<Unit filename="pan/data/parts.cc">
			<Option target="all_linux" />
		</Unit>
		<Unit filename="pan/data/parts.h">
			<Option target="all_linux" />
		</Unit>
		<Unit filename="pan/data/server-info.h">
			<Option target="all_linux" />
		</Unit>
		<Unit filename="pan/data/xover-cache.h">
			<Option target="all_linux" />
		</Unit>
		<Unit filename="pan/data/xref-test.cc">
			<Option target="all_linux" />
		</Unit>
		<Unit filename="pan/data/xref.cc">
			<Option target="all_linux" />
		</Unit>
		<Unit filename="pan/data/xref.h">
			<Option target="all_linux" />
		</Unit>
		<Unit filename="pan/general/debug.cc">
			<Option target="all_linux" />
		</Unit>
		<Unit filename="pan/general/debug.h">
			<Option target="all_linux" />
		</Unit>
		<Unit filename="pan/general/defgroup.h">
			<Option target="all_linux" />
		</Unit>
		<Unit filename="pan/general/e-util.cc">
			<Option target="all_linux" />
		</Unit>
		<Unit filename="pan/general/e-util.h">
			<Option target="all_linux" />
		</Unit>
		<Unit filename="pan/general/file-util.cc">
			<Option target="all_linux" />
		</Unit>
		<Unit filename="pan/general/file-util.h">
			<Option target="all_linux" />
		</Unit>
		<Unit filename="pan/general/gdk-threads.h">
			<Option target="all_linux" />
		</Unit>
		<Unit filename="pan/general/line-reader.cc">
			<Option target="all_linux" />
		</Unit>
		<Unit filename="pan/general/line-reader.h">
			<Option target="all_linux" />
		</Unit>
		<Unit filename="pan/general/locking.h">
			<Option target="all_linux" />
		</Unit>
		<Unit filename="pan/general/log.cc">
			<Option target="all_linux" />
		</Unit>
		<Unit filename="pan/general/log.h">
			<Option target="all_linux" />
		</Unit>
		<Unit filename="pan/general/macros.h">
			<Option target="all_linux" />
		</Unit>
		<Unit filename="pan/general/map-vector.h">
			<Option target="all_linux" />
		</Unit>
		<Unit filename="pan/general/messages.h">
			<Option target="all_linux" />
		</Unit>
		<Unit filename="pan/general/non-gui.h">
			<Option target="all_linux" />
		</Unit>
		<Unit filename="pan/general/progress-test.cc">
			<Option target="all_linux" />
		</Unit>
		<Unit filename="pan/general/progress.cc">
			<Option target="all_linux" />
		</Unit>
		<Unit filename="pan/general/progress.h">
			<Option target="all_linux" />
		</Unit>
		<Unit filename="pan/general/quark-test.cc">
			<Option target="all_linux" />
		</Unit>
		<Unit filename="pan/general/quark.cc">
			<Option target="all_linux" />
		</Unit>
		<Unit filename="pan/general/quark.h">
			<Option target="all_linux" />
		</Unit>
		<Unit filename="pan/general/sorted-vector.h">
			<Option target="all_linux" />
		</Unit>
		<Unit filename="pan/general/string-view-test.cc">
			<Option target="all_linux" />
		</Unit>
		<Unit filename="pan/general/string-view.cc">
			<Option target="all_linux" />
		</Unit>
		<Unit filename="pan/general/string-view.h">
			<Option target="all_linux" />
		</Unit>
		<Unit filename="pan/general/test.h">
			<Option target="all_linux" />
		</Unit>
		<Unit filename="pan/general/text-match-test.cc">
			<Option target="all_linux" />
		</Unit>
		<Unit filename="pan/general/text-match.cc">
			<Option target="all_linux" />
		</Unit>
		<Unit filename="pan/general/text-match.h">
			<Option target="all_linux" />
		</Unit>
		<Unit filename="pan/general/time-elapsed.h">
			<Option target="all_linux" />
		</Unit>
		<Unit filename="pan/general/utf8-utils.cc">
			<Option target="all_linux" />
		</Unit>
		<Unit filename="pan/general/utf8-utils.h">
			<Option target="all_linux" />
		</Unit>
		<Unit filename="pan/general/worker-pool.cc">
			<Option target="all_linux" />
		</Unit>
		<Unit filename="pan/general/worker-pool.h">
			<Option target="all_linux" />
		</Unit>
		<Unit filename="pan/gui/action-manager.h">
			<Option target="all_linux" />
		</Unit>
		<Unit filename="pan/gui/actions.cc">
			<Option target="all_linux" />
		</Unit>
		<Unit filename="pan/gui/actions.h">
			<Option target="all_linux" />
		</Unit>
		<Unit filename="pan/gui/body-pane.cc">
			<Option target="all_linux" />
		</Unit>
		<Unit filename="pan/gui/body-pane.h">
			<Option target="all_linux" />
		</Unit>
		<Unit filename="pan/gui/defgroup.h">
			<Option target="all_linux" />
		</Unit>
		<Unit filename="pan/gui/dl-headers-ui.cc">
			<Option target="all_linux" />
		</Unit>
		<Unit filename="pan/gui/dl-headers-ui.h">
			<Option target="all_linux" />
		</Unit>
		<Unit filename="pan/gui/e-action-combo-box.c">
			<Option compilerVar="CC" />
			<Option target="all_linux" />
		</Unit>
		<Unit filename="pan/gui/e-action-combo-box.h">
			<Option target="all_linux" />
		</Unit>
		<Unit filename="pan/gui/e-charset-combo-box.c">
			<Option compilerVar="CC" />
			<Option target="all_linux" />
		</Unit>
		<Unit filename="pan/gui/e-charset-combo-box.h">
			<Option target="all_linux" />
		</Unit>
		<Unit filename="pan/gui/e-charset-dialog.c">
			<Option compilerVar="CC" />
			<Option target="all_linux" />
		</Unit>
		<Unit filename="pan/gui/e-charset-dialog.h">
			<Option target="all_linux" />
		</Unit>
		<Unit filename="pan/gui/e-charset.c">
			<Option compilerVar="CC" />
			<Option target="all_linux" />
		</Unit>
		<Unit filename="pan/gui/e-charset.h">
			<Option target="all_linux" />
		</Unit>
		<Unit filename="pan/gui/group-pane.cc">
			<Option target="all_linux" />
		</Unit>
		<Unit filename="pan/gui/group-pane.h">
			<Option target="all_linux" />
		</Unit>
		<Unit filename="pan/gui/group-prefs-dialog.cc">
			<Option target="all_linux" />
		</Unit>
		<Unit filename="pan/gui/group-prefs-dialog.h">
			<Option target="all_linux" />
		</Unit>
		<Unit filename="pan/gui/group-prefs.cc">
			<Option target="all_linux" />
		</Unit>
		<Unit filename="pan/gui/group-prefs.h">
			<Option target="all_linux" />
		</Unit>
		<Unit filename="pan/gui/gtk_compat.h">
			<Option target="all_linux" />
		</Unit>
		<Unit filename="pan/gui/gui.cc">
			<Option target="all_linux" />
		</Unit>
		<Unit filename="pan/gui/gui.h">
			<Option target="all_linux" />
		</Unit>
		<Unit filename="pan/gui/header-pane-factory.cc">
			<Option target="all_linux" />
		</Unit>
		<Unit filename="pan/gui/header-pane-factory.h">
			<Option target="all_linux" />
		</Unit>
		<Unit filename="pan/gui/header-pane.cc">
			<Option target="all_linux" />
		</Unit>
		<Unit filename="pan/gui/header-pane.h">
			<Option target="all_linux" />
		</Unit>
		<Unit filename="pan/gui/hig.cc">
			<Option target="all_linux" />
		</Unit>
		<Unit filename="pan/gui/hig.h">
			<Option target="all_linux" />
		</Unit>
		<Unit filename="pan/gui/license.h">
			<Option target="all_linux" />
		</Unit>
		<Unit filename="pan/gui/log-ui.cc">
			<Option target="all_linux" />
		</Unit>
		<Unit filename="pan/gui/log-ui.h">
			<Option target="all_linux" />
		</Unit>
		<Unit filename="pan/gui/pad.h">
			<Option target="all_linux" />
		</Unit>
		<Unit filename="pan/gui/pan-file-entry.cc">
			<Option target="all_linux" />
		</Unit>
		<Unit filename="pan/gui/pan-file-entry.h">
			<Option target="all_linux" />
		</Unit>
		<Unit filename="pan/gui/pan-pixbufs.c">
			<Option compilerVar="CC" />
			<Option target="all_linux" />
		</Unit>
		<Unit filename="pan/gui/pan-tree.cc">
			<Option target="all_linux" />
		</Unit>
		<Unit filename="pan/gui/pan-tree.h">
			<Option target="all_linux" />
		</Unit>
		<Unit filename="pan/gui/pan-ui.h">
			<Option target="all_linux" />
		</Unit>
		<Unit filename="pan/gui/pan.cc">
			<Option target="all_linux" />
		</Unit>
		<Unit filename="pan/gui/pan.ui.h">
			<Option target="all_linux" />
		</Unit>
		<Unit filename="pan/gui/panrc.rc">
			<Option target="all_linux" />
		</Unit>
		<Unit filename="pan/gui/post-ui.cc">
			<Option target="all_linux" />
		</Unit>
		<Unit filename="pan/gui/post-ui.h">
			<Option target="all_linux" />
		</Unit>
		<Unit filename="pan/gui/post.ui.h">
			<Option target="all_linux" />
		</Unit>
		<Unit filename="pan/gui/prefs-file.cc">
			<Option target="all_linux" />
		</Unit>
		<Unit filename="pan/gui/prefs-file.h">
			<Option target="all_linux" />
		</Unit>
		<Unit filename="pan/gui/prefs-ui.cc">
			<Option target="all_linux" />
		</Unit>
		<Unit filename="pan/gui/prefs-ui.h">
			<Option target="all_linux" />
		</Unit>
		<Unit filename="pan/gui/prefs.cc">
			<Option target="all_linux" />
		</Unit>
		<Unit filename="pan/gui/prefs.h">
			<Option target="all_linux" />
		</Unit>
		<Unit filename="pan/gui/profiles-dialog.cc">
			<Option target="all_linux" />
		</Unit>
		<Unit filename="pan/gui/profiles-dialog.h">
			<Option target="all_linux" />
		</Unit>
		<Unit filename="pan/gui/progress-view.cc">
			<Option target="all_linux" />
		</Unit>
		<Unit filename="pan/gui/progress-view.h">
			<Option target="all_linux" />
		</Unit>
		<Unit filename="pan/gui/render-bytes.cc">
			<Option target="all_linux" />
		</Unit>
		<Unit filename="pan/gui/render-bytes.h">
			<Option target="all_linux" />
		</Unit>
		<Unit filename="pan/gui/save-ui.cc">
			<Option target="all_linux" />
		</Unit>
		<Unit filename="pan/gui/save-ui.h">
			<Option target="all_linux" />
		</Unit>
		<Unit filename="pan/gui/score-add-ui.cc">
			<Option target="all_linux" />
		</Unit>
		<Unit filename="pan/gui/score-add-ui.h">
			<Option target="all_linux" />
		</Unit>
		<Unit filename="pan/gui/score-view-ui.cc">
			<Option target="all_linux" />
		</Unit>
		<Unit filename="pan/gui/score-view-ui.h">
			<Option target="all_linux" />
		</Unit>
		<Unit filename="pan/gui/server-ui.cc">
			<Option target="all_linux" />
		</Unit>
		<Unit filename="pan/gui/server-ui.h">
			<Option target="all_linux" />
		</Unit>
		<Unit filename="pan/gui/tango-colors.h">
			<Option target="all_linux" />
		</Unit>
		<Unit filename="pan/gui/task-pane.cc">
			<Option target="all_linux" />
		</Unit>
		<Unit filename="pan/gui/task-pane.h">
			<Option target="all_linux" />
		</Unit>
		<Unit filename="pan/gui/taskpane.ui.h">
			<Option target="all_linux" />
		</Unit>
		<Unit filename="pan/gui/url.cc">
			<Option target="all_linux" />
		</Unit>
		<Unit filename="pan/gui/url.h">
			<Option target="all_linux" />
		</Unit>
		<Unit filename="pan/gui/wait.h">
			<Option target="all_linux" />
		</Unit>
		<Unit filename="pan/gui/xface.c">
			<Option compilerVar="CC" />
			<Option target="all_linux" />
		</Unit>
		<Unit filename="pan/gui/xface.h">
			<Option target="all_linux" />
		</Unit>
		<Unit filename="pan/icons/pan-pixbufs-internal.h">
			<Option target="all_linux" />
		</Unit>
		<Unit filename="pan/icons/pan-pixbufs.h">
			<Option target="all_linux" />
		</Unit>
		<Unit filename="pan/tasks/adaptable-set-test.cc">
			<Option target="all_linux" />
		</Unit>
		<Unit filename="pan/tasks/adaptable-set.cc">
			<Option target="all_linux" />
		</Unit>
		<Unit filename="pan/tasks/adaptable-set.h">
			<Option target="all_linux" />
		</Unit>
		<Unit filename="pan/tasks/decoder.cc">
			<Option target="all_linux" />
		</Unit>
		<Unit filename="pan/tasks/decoder.h">
			<Option target="all_linux" />
		</Unit>
		<Unit filename="pan/tasks/defgroup.h">
			<Option target="all_linux" />
		</Unit>
		<Unit filename="pan/tasks/encoder.cc">
			<Option target="all_linux" />
		</Unit>
		<Unit filename="pan/tasks/encoder.h">
			<Option target="all_linux" />
		</Unit>
		<Unit filename="pan/tasks/health.h">
			<Option target="all_linux" />
		</Unit>
		<Unit filename="pan/tasks/nntp-pool.cc">
			<Option target="all_linux" />
		</Unit>
		<Unit filename="pan/tasks/nntp-pool.h">
			<Option target="all_linux" />
		</Unit>
		<Unit filename="pan/tasks/nntp.cc">
			<Option target="all_linux" />
		</Unit>
		<Unit filename="pan/tasks/nntp.h">
			<Option target="all_linux" />
		</Unit>
		<Unit filename="pan/tasks/nzb-test.cc">
			<Option target="all_linux" />
		</Unit>
		<Unit filename="pan/tasks/nzb.cc">
			<Option target="all_linux" />
		</Unit>
		<Unit filename="pan/tasks/nzb.h">
			<Option target="all_linux" />
		</Unit>
		<Unit filename="pan/tasks/queue.cc">
			<Option target="all_linux" />
		</Unit>
		<Unit filename="pan/tasks/queue.h">
			<Option target="all_linux" />
		</Unit>
		<Unit filename="pan/tasks/socket-impl-gio.cc">
			<Option target="all_linux" />
		</Unit>
		<Unit filename="pan/tasks/socket-impl-gio.h">
			<Option target="all_linux" />
		</Unit>
		<Unit filename="pan/tasks/socket-impl-main.cc">
			<Option target="all_linux" />
		</Unit>
		<Unit filename="pan/tasks/socket-impl-main.h">
			<Option target="all_linux" />
		</Unit>
		<Unit filename="pan/tasks/socket-impl-openssl.cc">
			<Option target="all_linux" />
		</Unit>
		<Unit filename="pan/tasks/socket-impl-openssl.h">
			<Option target="all_linux" />
		</Unit>
		<Unit filename="pan/tasks/socket-impl-scripted.cc">
			<Option target="all_linux" />
		</Unit>
		<Unit filename="pan/tasks/socket-impl-scripted.h">
			<Option target="all_linux" />
		</Unit>
		<Unit filename="pan/tasks/socket.cc">
			<Option target="all_linux" />
		</Unit>
		<Unit filename="pan/tasks/socket.h">
			<Option target="all_linux" />
		</Unit>
		<Unit filename="pan/tasks/task-article.cc">
			<Option target="all_linux" />
		</Unit>
		<Unit filename="pan/tasks/task-article.h">
			<Option target="all_linux" />
		</Unit>
		<Unit filename="pan/tasks/task-groups.cc">
			<Option target="all_linux" />
		</Unit>
		<Unit filename="pan/tasks/task-groups.h">
			<Option target="all_linux" />
		</Unit>
		<Unit filename="pan/tasks/task-multipost.h">
			<Option target="all_linux" />
		</Unit>
		<Unit filename="pan/tasks/task-post.cc">
			<Option target="all_linux" />
		</Unit>
		<Unit filename="pan/tasks/task-post.h">
			<Option target="all_linux" />
		</Unit>
		<Unit filename="pan/tasks/task-upload.cc">
			<Option target="all_linux" />
		</Unit>
		<Unit filename="pan/tasks/task-upload.h">
			<Option target="all_linux" />
		</Unit>
		<Unit filename="pan/tasks/task-weak-ordering.h">
			<Option target="all_linux" />
		</Unit>
		<Unit filename="pan/tasks/task-xover.cc">
			<Option target="all_linux" />
		</Unit>
		<Unit filename="pan/tasks/task-xover.h">
			<Option target="all_linux" />
		</Unit>
		<Unit filename="pan/tasks/task.cc">
			<Option target="all_linux" />
		</Unit>
		<Unit filename="pan/tasks/task.h">
			<Option target="all_linux" />
		</Unit>
		<Unit filename="pan/tasks/upload-queue.cc">
			<Option target="all_linux" />
		</Unit>
		<Unit filename="pan/tasks/upload-queue.h">
			<Option target="all_linux" />
		</Unit>
		<Unit filename="pan/usenet-utils/MersenneTwister.h">
			<Option target="all_linux" />
		</Unit>
		<Unit filename="pan/usenet-utils/defgroup.h">
			<Option target="all_linux" />
		</Unit>
		<Unit filename="pan/usenet-utils/filter-info.cc">
			<Option target="all_linux" />
		</Unit>
		<Unit filename="pan/usenet-utils/filter-info.h">
			<Option target="all_linux" />
		</Unit>
		<Unit filename="pan/usenet-utils/gnksa-test.cc">
			<Option target="all_linux" />
		</Unit>
		<Unit filename="pan/usenet-utils/gnksa.cc">
			<Option target="all_linux" />
		</Unit>
		<Unit filename="pan/usenet-utils/gnksa.h">
			<Option target="all_linux" />
		</Unit>
		<Unit filename="pan/usenet-utils/message-check-test.cc">
			<Option target="all_linux" />
		</Unit>
		<Unit filename="pan/usenet-utils/message-check.cc">
			<Option target="all_linux" />
		</Unit>
		<Unit filename="pan/usenet-utils/message-check.h">
			<Option target="all_linux" />
		</Unit>
		<Unit filename="pan/usenet-utils/mime-utils.cc">
			<Option target="all_linux" />
		</Unit>
		<Unit filename="pan/usenet-utils/mime-utils.h">
			<Option target="all_linux" />
		</Unit>
		<Unit filename="pan/usenet-utils/numbers-test.cc">
			<Option target="all_linux" />
		</Unit>
		<Unit filename="pan/usenet-utils/numbers.cc">
			<Option target="all_linux" />
		</Unit>
		<Unit filename="pan/usenet-utils/numbers.h">
			<Option target="all_linux" />
		</Unit>
		<Unit filename="pan/usenet-utils/rules-info.cc">
			<Option target="all_linux" />
		</Unit>
		<Unit filename="pan/usenet-utils/rules-info.h">
			<Option target="all_linux" />
		</Unit>
		<Unit filename="pan/usenet-utils/scorefile-test.cc">
			<Option target="all_linux" />
		</Unit>
		<Unit filename="pan/usenet-utils/scorefile.cc">
			<Option target="all_linux" />
		</Unit>
		<Unit filename="pan/usenet-utils/scorefile.h">
			<Option target="all_linux" />
		</Unit>
		<Unit filename="pan/usenet-utils/ssl-utils.h">
			<Option target="all_linux" />
		</Unit>
		<Unit filename="pan/usenet-utils/text-massager-test.cc">
			<Option target="all_linux" />
		</Unit>
		<Unit filename="pan/usenet-utils/text-massager.cc">
			<Option target="all_linux" />
		</Unit>
		<Unit filename="pan/usenet-utils/text-massager.h">
			<Option target="all_linux" />
		</Unit>
		<Unit filename="pan/usenet-utils/url-find-test.cc">
			<Option target="all_linux" />
		</Unit>
		<Unit filename="pan/usenet-utils/url-find.cc">
			<Option target="all_linux" />
		</Unit>
		<Unit filename="pan/usenet-utils/url-find.h">
			<Option target="all_linux" />
		</Unit>
		<Unit filename="uulib/crc32.c">
			<Option compilerVar="CC" />
			<Option target="all_linux" />
		</Unit>
		<Unit filename="uulib/crc32.h">
			<Option target="all_linux" />
		</Unit>
		<Unit filename="uulib/fptools.c">
			<Option compilerVar="CC" />
			<Option target="all_linux" />
		</Unit>
		<Unit filename="uulib/fptools.h">
			<Option target="all_linux" />
		</Unit>
		<Unit filename="uulib/uucheck.c">
			<Option compilerVar="CC" />
			<Option target="all_linux" />
		</Unit>
		<Unit filename="uulib/uudeview.h">
			<Option target="all_linux" />
		</Unit>
		<Unit filename="uulib/uuencode.c">
			<Option compilerVar="CC" />
			<Option target="all_linux" />
		</Unit>
		<Unit filename="uulib/uuencode2.c">
			<Option compilerVar="CC" />
			<Option target="all_linux" />
		</Unit>
		<Unit filename="uulib/uuint.h">
			<Option target="all_linux" />
		</Unit>
		<Unit filename="uulib/uulib.c">
			<Option compilerVar="CC" />
			<Option target="all_linux" />
		</Unit>
		<Unit filename="uulib/uunconc.c">
			<Option compilerVar="CC" />
			<Option target="all_linux" />
		</Unit>
		<Unit filename="uulib/uuscan.c">
			<Option compilerVar="CC" />
			<Option target="all_linux" />
		</Unit>
		<Unit filename="uulib/uustring.c">
			<Option compilerVar="CC" />
			<Option target="all_linux" />
		</Unit>
		<Unit filename="uulib/uustring.h">
			<Option target="all_linux" />
		</Unit>
		<Unit filename="uulib/uuutil.c">
			<Option compilerVar="CC" />
			<Option target="all_linux" />
		</Unit>
		<Extensions>
			<envvars />
			<code_completion>
				<search_path add="/home/imhotep/mingw-cross-env-current/usr/i686-pc-mingw32/bin" />
				<search_path add="/home/imhotep/mingw-cross-env-current/usr/bin" />
			</code_completion>
			<lib_finder disable_auto="1" />
			<debugger />
		</Extensions>
	</Project>
</CodeBlocks_project_file>
