<?xml version="1.0" encoding="UTF-8" standalone="yes" ?>
<CodeBlocks_project_file>
	<FileVersion major="1" minor="6" />
	<Project>
		<Option title="pan" />
		<Option makefile_is_custom="1" />
		<Option pch_mode="2" />
		<Option compiler="gcc" />
		<MakeCommands>
			<Build command="$make -j8 -f $makefile $target" />
			<CompileFile command="$make -j8 -f $makefile $file" />
			<Clean command="$make v-f $makefile clean$target" />
			<DistClean command="$make -f $makefile distclean$target" />
			<AskRebuildNeeded command="$make -j8 -q -f $makefile $target" />
			<SilentBuild command="$make -j8 -s -f $makefile $target" />
		</MakeCommands>
		<Build>
			<Target title="all">
				<Option output="pan/gui/pan" prefix_auto="1" extension_auto="1" />
				<Option object_output="obj/Release/" />
				<Option type="1" />
				<Option compiler="gcc" />
				<Compiler>
					<Add option="-O2" />
				</Compiler>
				<Linker>
					<Add option="-s" />
				</Linker>
				<MakeCommands>
					<Build command="$make -j8 -f $makefile $target" />
					<CompileFile command="$make -j8 -f $makefile $file" />
					<Clean command="$make -j8 f $makefile clean$target" />
					<DistClean command="$make -f $makefile distclean$target" />
					<AskRebuildNeeded command="$make -j8 -q -f $makefile $target" />
					<SilentBuild command="$make -j8 -s -f $makefile $target" />
				</MakeCommands>
			</Target>
		</Build>
		<Compiler>
			<Add option="-Wall" />
		</Compiler>
		<Unit filename="config.h" />
		<Unit filename="pan/data-impl/add-server.cc" />
		<Unit filename="pan/data-impl/article-filter.cc" />
		<Unit filename="pan/data-impl/article-filter.h" />
		<Unit filename="pan/data-impl/data-impl.cc" />
		<Unit filename="pan/data-impl/data-impl.h" />
		<Unit filename="pan/data-impl/data-io.cc" />
		<Unit filename="pan/data-impl/data-io.h" />
		<Unit filename="pan/data-impl/defgroup.h" />
		<Unit filename="pan/data-impl/groups.cc" />
		<Unit filename="pan/data-impl/headers-test.cc" />
		<Unit filename="pan/data-impl/headers.cc" />
		<Unit filename="pan/data-impl/memchunk.h" />
		<Unit filename="pan/data-impl/my-tree.cc" />
		<Unit filename="pan/data-impl/profiles.cc" />
		<Unit filename="pan/data-impl/profiles.h" />
		<Unit filename="pan/data-impl/rules-filter.cc" />
		<Unit filename="pan/data-impl/rules-filter.h" />
		<Unit filename="pan/data-impl/server.cc" />
		<Unit filename="pan/data-impl/speed-test-load-group.cc" />
		<Unit filename="pan/data-impl/task-archive.cc" />
		<Unit filename="pan/data-impl/xover.cc" />
		<Unit filename="pan/data/article-cache.cc" />
		<Unit filename="pan/data/article-cache.h" />
		<Unit filename="pan/data/article-test.cc" />
		<Unit filename="pan/data/article.cc" />
		<Unit filename="pan/data/article.h" />
		<Unit filename="pan/data/data.cc" />
		<Unit filename="pan/data/data.h" />
		<Unit filename="pan/data/defgroup.h" />
		<Unit filename="pan/data/encode-cache.cc" />
		<Unit filename="pan/data/encode-cache.h" />
		<Unit filename="pan/data/parts.cc" />
		<Unit filename="pan/data/parts.h" />
		<Unit filename="pan/data/server-info.h" />
		<Unit filename="pan/data/xover-cache.h" />
		<Unit filename="pan/data/xref-test.cc" />
		<Unit filename="pan/data/xref.cc" />
		<Unit filename="pan/data/xref.h" />
		<Unit filename="pan/general/debug.cc" />
		<Unit filename="pan/general/debug.h" />
		<Unit filename="pan/general/defgroup.h" />
		<Unit filename="pan/general/e-util.cc" />
		<Unit filename="pan/general/e-util.h" />
		<Unit filename="pan/general/file-util.cc" />
		<Unit filename="pan/general/file-util.h" />
		<Unit filename="pan/general/line-reader.cc" />
		<Unit filename="pan/general/line-reader.h" />
		<Unit filename="pan/general/locking.h" />
		<Unit filename="pan/general/log.cc" />
		<Unit filename="pan/general/log.h" />
		<Unit filename="pan/general/macros.h" />
		<Unit filename="pan/general/map-vector.h" />
		<Unit filename="pan/general/messages.h" />
		<Unit filename="pan/general/progress-test.cc" />
		<Unit filename="pan/general/progress.cc" />
		<Unit filename="pan/general/progress.h" />
		<Unit filename="pan/general/quark-test.cc" />
		<Unit filename="pan/general/quark.cc" />
		<Unit filename="pan/general/quark.h" />
		<Unit filename="pan/general/sorted-vector.h" />
		<Unit filename="pan/general/string-view-test.cc" />
		<Unit filename="pan/general/string-view.cc" />
		<Unit filename="pan/general/string-view.h" />
		<Unit filename="pan/general/test.h" />
		<Unit filename="pan/general/text-match-test.cc" />
		<Unit filename="pan/general/text-match.cc" />
		<Unit filename="pan/general/text-match.h" />
		<Unit filename="pan/general/time-elapsed.h" />
		<Unit filename="pan/general/utf8-utils.cc" />
		<Unit filename="pan/general/utf8-utils.h" />
		<Unit filename="pan/general/worker-pool.cc" />
		<Unit filename="pan/general/worker-pool.h" />
		<Unit filename="pan/gui/action-manager.h" />
		<Unit filename="pan/gui/actions.cc" />
		<Unit filename="pan/gui/actions.h" />
		<Unit filename="pan/gui/body-pane.cc" />
		<Unit filename="pan/gui/body-pane.h" />
		<Unit filename="pan/gui/defgroup.h" />
		<Unit filename="pan/gui/dl-headers-ui.cc" />
		<Unit filename="pan/gui/dl-headers-ui.h" />
		<Unit filename="pan/gui/e-action-combo-box.c">
			<Option compilerVar="CC" />
		</Unit>
		<Unit filename="pan/gui/e-action-combo-box.h" />
		<Unit filename="pan/gui/e-charset-combo-box.c">
			<Option compilerVar="CC" />
		</Unit>
		<Unit filename="pan/gui/e-charset-combo-box.h" />
		<Unit filename="pan/gui/e-charset-dialog.c">
			<Option compilerVar="CC" />
		</Unit>
		<Unit filename="pan/gui/e-charset-dialog.h" />
		<Unit filename="pan/gui/e-charset.c">
			<Option compilerVar="CC" />
		</Unit>
		<Unit filename="pan/gui/e-charset.h" />
		<Unit filename="pan/gui/group-pane.cc" />
		<Unit filename="pan/gui/group-pane.h" />
		<Unit filename="pan/gui/group-prefs-dialog.cc" />
		<Unit filename="pan/gui/group-prefs-dialog.h" />
		<Unit filename="pan/gui/group-prefs.cc" />
		<Unit filename="pan/gui/group-prefs.h" />
		<Unit filename="pan/gui/gtk_compat.h" />
		<Unit filename="pan/gui/gui.cc" />
		<Unit filename="pan/gui/gui.h" />
		<Unit filename="pan/gui/header-pane.cc" />
		<Unit filename="pan/gui/header-pane.h" />
		<Unit filename="pan/gui/hig.cc" />
		<Unit filename="pan/gui/hig.h" />
		<Unit filename="pan/gui/license.h" />
		<Unit filename="pan/gui/log-ui.cc" />
		<Unit filename="pan/gui/log-ui.h" />
		<Unit filename="pan/gui/pad.h" />
		<Unit filename="pan/gui/pan-file-entry.cc" />
		<Unit filename="pan/gui/pan-file-entry.h" />
		<Unit filename="pan/gui/pan-pixbufs.c">
			<Option compilerVar="CC" />
		</Unit>
		<Unit filename="pan/gui/pan-tree.cc" />
		<Unit filename="pan/gui/pan-tree.h" />
		<Unit filename="pan/gui/pan-ui.h" />
		<Unit filename="pan/gui/pan.cc" />
		<Unit filename="pan/gui/pan.ui.h" />
		<Unit filename="pan/gui/panrc.rc" />
		<Unit filename="pan/gui/post-ui.cc" />
		<Unit filename="pan/gui/post-ui.h" />
		<Unit filename="pan/gui/post.ui.h" />
		<Unit filename="pan/gui/prefs-file.cc" />
		<Unit filename="pan/gui/prefs-file.h" />
		<Unit filename="pan/gui/prefs-ui.cc" />
		<Unit filename="pan/gui/prefs-ui.h" />
		<Unit filename="pan/gui/prefs.cc" />
		<Unit filename="pan/gui/prefs.h" />
		<Unit filename="pan/gui/profiles-dialog.cc" />
		<Unit filename="pan/gui/profiles-dialog.h" />
		<Unit filename="pan/gui/progress-view.cc" />
		<Unit filename="pan/gui/progress-view.h" />
		<Unit filename="pan/gui/render-bytes.cc" />
		<Unit filename="pan/gui/render-bytes.h" />
		<Unit filename="pan/gui/save-ui.cc" />
		<Unit filename="pan/gui/save-ui.h" />
		<Unit filename="pan/gui/score-add-ui.cc" />
		<Unit filename="pan/gui/score-add-ui.h" />
		<Unit filename="pan/gui/score-view-ui.cc" />
		<Unit filename="pan/gui/score-view-ui.h" />
		<Unit filename="pan/gui/server-ui.cc" />
		<Unit filename="pan/gui/server-ui.h" />
		<Unit filename="pan/gui/tango-colors.h" />
		<Unit filename="pan/gui/task-pane.cc" />
		<Unit filename="pan/gui/task-pane.h" />
		<Unit filename="pan/gui/taskpane.ui.h" />
		<Unit filename="pan/gui/url.cc" />
		<Unit filename="pan/gui/url.h" />
		<Unit filename="pan/gui/wait.h" />
		<Unit filename="pan/gui/xface.c">
			<Option compilerVar="CC" />
		</Unit>
		<Unit filename="pan/gui/xface.h" />
		<Unit filename="pan/icons/pan-pixbufs-internal.h" />
		<Unit filename="pan/icons/pan-pixbufs.h" />
		<Unit filename="pan/tasks/adaptable-set-test.cc" />
		<Unit filename="pan/tasks/adaptable-set.cc" />
		<Unit filename="pan/tasks/adaptable-set.h" />
		<Unit filename="pan/tasks/cert-store.cc" />
		<Unit filename="pan/tasks/cert-store.h" />
		<Unit filename="pan/tasks/decoder.cc" />
		<Unit filename="pan/tasks/decoder.h" />
		<Unit filename="pan/tasks/defgroup.h" />
		<Unit filename="pan/tasks/encoder.cc" />
		<Unit filename="pan/tasks/encoder.h" />
		<Unit filename="pan/tasks/health.h" />
		<Unit filename="pan/tasks/nntp-pool.cc" />
		<Unit filename="pan/tasks/nntp-pool.h" />
		<Unit filename="pan/tasks/nntp.cc" />
		<Unit filename="pan/tasks/nntp.h" />
		<Unit filename="pan/tasks/nzb-test.cc" />
		<Unit filename="pan/tasks/nzb.cc" />
		<Unit filename="pan/tasks/nzb.h" />
		<Unit filename="pan/tasks/queue.cc" />
		<Unit filename="pan/tasks/queue.h" />
		<Unit filename="pan/tasks/socket-impl-gio.cc" />
		<Unit filename="pan/tasks/socket-impl-gio.h" />
		<Unit filename="pan/tasks/socket-impl-main.cc" />
		<Unit filename="pan/tasks/socket-impl-main.h" />
		<Unit filename="pan/tasks/socket-impl-openssl.cc" />
		<Unit filename="pan/tasks/socket-impl-openssl.h" />
		<Unit filename="pan/tasks/socket-impl-scripted.cc" />
		<Unit filename="pan/tasks/socket-impl-scripted.h" />
		<Unit filename="pan/tasks/socket.cc" />
		<Unit filename="pan/tasks/socket.h" />
		<Unit filename="pan/tasks/task-article.cc" />
		<Unit filename="pan/tasks/task-article.h" />
		<Unit filename="pan/tasks/task-groups.cc" />
		<Unit filename="pan/tasks/task-groups.h" />
		<Unit filename="pan/tasks/task-multipost.h" />
		<Unit filename="pan/tasks/task-post.cc" />
		<Unit filename="pan/tasks/task-post.h" />
		<Unit filename="pan/tasks/task-upload.cc" />
		<Unit filename="pan/tasks/task-upload.h" />
		<Unit filename="pan/tasks/task-weak-ordering.h" />
		<Unit filename="pan/tasks/task-xover.cc" />
		<Unit filename="pan/tasks/task-xover.h" />
		<Unit filename="pan/tasks/task.cc" />
		<Unit filename="pan/tasks/task.h" />
		<Unit filename="pan/tasks/upload-queue.cc" />
		<Unit filename="pan/tasks/upload-queue.h" />
		<Unit filename="pan/usenet-utils/MersenneTwister.h" />
		<Unit filename="pan/usenet-utils/defgroup.h" />
		<Unit filename="pan/usenet-utils/filter-info.cc" />
		<Unit filename="pan/usenet-utils/filter-info.h" />
		<Unit filename="pan/usenet-utils/gnksa-test.cc" />
		<Unit filename="pan/usenet-utils/gnksa.cc" />
		<Unit filename="pan/usenet-utils/gnksa.h" />
		<Unit filename="pan/usenet-utils/message-check-test.cc" />
		<Unit filename="pan/usenet-utils/message-check.cc" />
		<Unit filename="pan/usenet-utils/message-check.h" />
		<Unit filename="pan/usenet-utils/mime-utils.cc" />
		<Unit filename="pan/usenet-utils/mime-utils.h" />
		<Unit filename="pan/usenet-utils/numbers-test.cc" />
		<Unit filename="pan/usenet-utils/numbers.cc" />
		<Unit filename="pan/usenet-utils/numbers.h" />
		<Unit filename="pan/usenet-utils/rules-info.cc" />
		<Unit filename="pan/usenet-utils/rules-info.h" />
		<Unit filename="pan/usenet-utils/scorefile-test.cc" />
		<Unit filename="pan/usenet-utils/scorefile.cc" />
		<Unit filename="pan/usenet-utils/scorefile.h" />
		<Unit filename="pan/usenet-utils/ssl-utils.h" />
		<Unit filename="pan/usenet-utils/text-massager-test.cc" />
		<Unit filename="pan/usenet-utils/text-massager.cc" />
		<Unit filename="pan/usenet-utils/text-massager.h" />
		<Unit filename="pan/usenet-utils/url-find-test.cc" />
		<Unit filename="pan/usenet-utils/url-find.cc" />
		<Unit filename="pan/usenet-utils/url-find.h" />
		<Unit filename="uulib/crc32.c">
			<Option compilerVar="CC" />
		</Unit>
		<Unit filename="uulib/crc32.h" />
		<Unit filename="uulib/fptools.c">
			<Option compilerVar="CC" />
		</Unit>
		<Unit filename="uulib/fptools.h" />
		<Unit filename="uulib/uucheck.c">
			<Option compilerVar="CC" />
		</Unit>
		<Unit filename="uulib/uudeview.h" />
		<Unit filename="uulib/uuencode.c">
			<Option compilerVar="CC" />
		</Unit>
		<Unit filename="uulib/uuint.h" />
		<Unit filename="uulib/uulib.c">
			<Option compilerVar="CC" />
		</Unit>
		<Unit filename="uulib/uunconc.c">
			<Option compilerVar="CC" />
		</Unit>
		<Unit filename="uulib/uuscan.c">
			<Option compilerVar="CC" />
		</Unit>
		<Unit filename="uulib/uustring.c">
			<Option compilerVar="CC" />
		</Unit>
		<Unit filename="uulib/uustring.h" />
		<Unit filename="uulib/uuutil.c">
			<Option compilerVar="CC" />
		</Unit>
		<Extensions>
			<envvars />
			<code_completion />
			<lib_finder disable_auto="1" />
			<debugger />
		</Extensions>
	</Project>
</CodeBlocks_project_file>
